{
  "name": "signals",
  "version": "1.0.0",
  "lockfileVersion": 3,
  "requires": true,
  "packages": {
    "": {
      "name": "signals",
      "version": "1.0.0",
      "license": "MIT",
      "dependencies": {
        "@preact/signals-core": "^1.5.1"
      }
    },
    "node_modules/@preact/signals-core": {
      "version": "1.5.1",
      "resolved": "https://registry.npmjs.org/@preact/signals-core/-/signals-core-1.5.1.tgz",
      "integrity": "sha512-dE6f+WCX5ZUDwXzUIWNMhhglmuLpqJhuy3X3xHrhZYI0Hm2LyQwOu0l9mdPiWrVNsE+Q7txOnJPgtIqHCYoBVA==",
      "funding": {
        "type": "opencollective",
        "url": "https://opencollective.com/preact"
      }
    }
  }
}
